
Microsoft Visual Studio Solution File, Format Version 12.00
# Visual Studio Version 16
VisualStudioVersion = 16.0.30406.217
MinimumVisualStudioVersion = 10.0.40219.1
Project("{9A19103F-16F7-4668-BE54-9A1E7A4F7556}") = "jaindb", "jaindb\jaindb.csproj", "{74406AC6-8586-48E2-9C1D-9C8E946772D8}"
EndProject
Project("{E53339B2-1760-4266-BCC7-CA923CBCF16C}") = "docker-compose", "docker-compose.dcproj", "{405D1A24-398E-46D7-AA8C-9C79AA26D656}"
EndProject
Project("{9A19103F-16F7-4668-BE54-9A1E7A4F7556}") = "JainDBTest", "JainDBTest\JainDBTest.csproj", "{F09B6258-D9B4-43ED-8A14-6314BEA93D53}"
EndProject
Project("{9A19103F-16F7-4668-BE54-9A1E7A4F7556}") = "Plugin_FileStore", "Plugin_FileStore\Plugin_FileStore.csproj", "{11F14D55-B47C-45E1-B9F8-82F764673BCF}"
EndProject
Project("{9A19103F-16F7-4668-BE54-9A1E7A4F7556}") = "jaindb.base", "jaindb.base\jaindb.base.csproj", "{3229C12D-892B-4752-A9D4-4DDE59BF42F8}"
EndProject
Project("{9A19103F-16F7-4668-BE54-9A1E7A4F7556}") = "Plugin_MemoryCache", "Plugin_MemoryCache\Plugin_MemoryCache.csproj", "{977BC200-56DE-43C8-93C8-92A0D8266E69}"
EndProject
Project("{2150E333-8FDC-42A3-9474-1A3956D46DE8}") = "Plugins", "Plugins", "{4792DDA8-A016-4EEE-8F13-B1A656463B06}"
EndProject
Project("{9A19103F-16F7-4668-BE54-9A1E7A4F7556}") = "Plugin_Redis", "Plugin_Redis\Plugin_Redis.csproj", "{DDA84696-C2D9-4F9D-9A7A-7FC29492CDCB}"
EndProject
Project("{9A19103F-16F7-4668-BE54-9A1E7A4F7556}") = "Plugin_RethinkDB", "Plugin_RethinkDB\Plugin_RethinkDB.csproj", "{211FEA16-4B70-486D-BEDF-222C8043E469}"
EndProject
Project("{9A19103F-16F7-4668-BE54-9A1E7A4F7556}") = "Plugin_CosmosDB", "Plugin_CosmosDB\Plugin_CosmosDB.csproj", "{53ABFBBF-63EA-4BFC-8A87-BAB30DC044FD}"
EndProject
Project("{9A19103F-16F7-4668-BE54-9A1E7A4F7556}") = "Plugin_AzureBlob", "Plugin_AzureBlob\Plugin_AzureBlob.csproj", "{490FE521-22B4-4AD6-96AB-021F39BC61EB}"
EndProject
Project("{9A19103F-16F7-4668-BE54-9A1E7A4F7556}") = "Plugin_SQLCache", "Plugin_SQLCache\Plugin_SQLCache.csproj", "{7199B8A5-2039-497E-BE89-3229EE57C40E}"
EndProject
Project("{9A19103F-16F7-4668-BE54-9A1E7A4F7556}") = "Plugin_Forwarder", "Plugin_Forwarder\Plugin_Forwarder.csproj", "{640B86B3-52B4-4FE1-B0DF-14D28B31EBA6}"
EndProject
Project("{FAE04EC0-301F-11D3-BF4B-00C04F79EFBC}") = "UnitTestProject1", "..\UnitTestProject1\UnitTestProject1.csproj", "{6003132E-3058-4E8F-891E-2B87746AE374}"
EndProject
Global
	GlobalSection(SolutionConfigurationPlatforms) = preSolution
		Debug|Any CPU = Debug|Any CPU
		Release|Any CPU = Release|Any CPU
	EndGlobalSection
	GlobalSection(ProjectConfigurationPlatforms) = postSolution
		{74406AC6-8586-48E2-9C1D-9C8E946772D8}.Debug|Any CPU.ActiveCfg = Debug|Any CPU
		{74406AC6-8586-48E2-9C1D-9C8E946772D8}.Debug|Any CPU.Build.0 = Debug|Any CPU
		{74406AC6-8586-48E2-9C1D-9C8E946772D8}.Release|Any CPU.ActiveCfg = Release|Any CPU
		{74406AC6-8586-48E2-9C1D-9C8E946772D8}.Release|Any CPU.Build.0 = Release|Any CPU
		{405D1A24-398E-46D7-AA8C-9C79AA26D656}.Debug|Any CPU.ActiveCfg = Debug|Any CPU
		{405D1A24-398E-46D7-AA8C-9C79AA26D656}.Debug|Any CPU.Build.0 = Debug|Any CPU
		{405D1A24-398E-46D7-AA8C-9C79AA26D656}.Release|Any CPU.ActiveCfg = Release|Any CPU
		{405D1A24-398E-46D7-AA8C-9C79AA26D656}.Release|Any CPU.Build.0 = Release|Any CPU
		{F09B6258-D9B4-43ED-8A14-6314BEA93D53}.Debug|Any CPU.ActiveCfg = Debug|Any CPU
		{F09B6258-D9B4-43ED-8A14-6314BEA93D53}.Debug|Any CPU.Build.0 = Debug|Any CPU
		{F09B6258-D9B4-43ED-8A14-6314BEA93D53}.Release|Any CPU.ActiveCfg = Release|Any CPU
		{F09B6258-D9B4-43ED-8A14-6314BEA93D53}.Release|Any CPU.Build.0 = Release|Any CPU
		{11F14D55-B47C-45E1-B9F8-82F764673BCF}.Debug|Any CPU.ActiveCfg = Debug|Any CPU
		{11F14D55-B47C-45E1-B9F8-82F764673BCF}.Debug|Any CPU.Build.0 = Debug|Any CPU
		{11F14D55-B47C-45E1-B9F8-82F764673BCF}.Release|Any CPU.ActiveCfg = Release|Any CPU
		{11F14D55-B47C-45E1-B9F8-82F764673BCF}.Release|Any CPU.Build.0 = Release|Any CPU
		{3229C12D-892B-4752-A9D4-4DDE59BF42F8}.Debug|Any CPU.ActiveCfg = Debug|Any CPU
		{3229C12D-892B-4752-A9D4-4DDE59BF42F8}.Debug|Any CPU.Build.0 = Debug|Any CPU
		{3229C12D-892B-4752-A9D4-4DDE59BF42F8}.Release|Any CPU.ActiveCfg = Release|Any CPU
		{3229C12D-892B-4752-A9D4-4DDE59BF42F8}.Release|Any CPU.Build.0 = Release|Any CPU
		{977BC200-56DE-43C8-93C8-92A0D8266E69}.Debug|Any CPU.ActiveCfg = Debug|Any CPU
		{977BC200-56DE-43C8-93C8-92A0D8266E69}.Debug|Any CPU.Build.0 = Debug|Any CPU
		{977BC200-56DE-43C8-93C8-92A0D8266E69}.Release|Any CPU.ActiveCfg = Release|Any CPU
		{977BC200-56DE-43C8-93C8-92A0D8266E69}.Release|Any CPU.Build.0 = Release|Any CPU
		{DDA84696-C2D9-4F9D-9A7A-7FC29492CDCB}.Debug|Any CPU.ActiveCfg = Debug|Any CPU
		{DDA84696-C2D9-4F9D-9A7A-7FC29492CDCB}.Debug|Any CPU.Build.0 = Debug|Any CPU
		{DDA84696-C2D9-4F9D-9A7A-7FC29492CDCB}.Release|Any CPU.ActiveCfg = Release|Any CPU
		{DDA84696-C2D9-4F9D-9A7A-7FC29492CDCB}.Release|Any CPU.Build.0 = Release|Any CPU
		{211FEA16-4B70-486D-BEDF-222C8043E469}.Debug|Any CPU.ActiveCfg = Debug|Any CPU
		{211FEA16-4B70-486D-BEDF-222C8043E469}.Debug|Any CPU.Build.0 = Debug|Any CPU
		{211FEA16-4B70-486D-BEDF-222C8043E469}.Release|Any CPU.ActiveCfg = Release|Any CPU
		{211FEA16-4B70-486D-BEDF-222C8043E469}.Release|Any CPU.Build.0 = Release|Any CPU
		{53ABFBBF-63EA-4BFC-8A87-BAB30DC044FD}.Debug|Any CPU.ActiveCfg = Debug|Any CPU
		{53ABFBBF-63EA-4BFC-8A87-BAB30DC044FD}.Debug|Any CPU.Build.0 = Debug|Any CPU
		{53ABFBBF-63EA-4BFC-8A87-BAB30DC044FD}.Release|Any CPU.ActiveCfg = Release|Any CPU
		{53ABFBBF-63EA-4BFC-8A87-BAB30DC044FD}.Release|Any CPU.Build.0 = Release|Any CPU
		{490FE521-22B4-4AD6-96AB-021F39BC61EB}.Debug|Any CPU.ActiveCfg = Debug|Any CPU
		{490FE521-22B4-4AD6-96AB-021F39BC61EB}.Debug|Any CPU.Build.0 = Debug|Any CPU
		{490FE521-22B4-4AD6-96AB-021F39BC61EB}.Release|Any CPU.ActiveCfg = Release|Any CPU
		{490FE521-22B4-4AD6-96AB-021F39BC61EB}.Release|Any CPU.Build.0 = Release|Any CPU
		{7199B8A5-2039-497E-BE89-3229EE57C40E}.Debug|Any CPU.ActiveCfg = Debug|Any CPU
		{7199B8A5-2039-497E-BE89-3229EE57C40E}.Debug|Any CPU.Build.0 = Debug|Any CPU
		{7199B8A5-2039-497E-BE89-3229EE57C40E}.Release|Any CPU.ActiveCfg = Release|Any CPU
		{7199B8A5-2039-497E-BE89-3229EE57C40E}.Release|Any CPU.Build.0 = Release|Any CPU
		{640B86B3-52B4-4FE1-B0DF-14D28B31EBA6}.Debug|Any CPU.ActiveCfg = Debug|Any CPU
		{640B86B3-52B4-4FE1-B0DF-14D28B31EBA6}.Debug|Any CPU.Build.0 = Debug|Any CPU
		{640B86B3-52B4-4FE1-B0DF-14D28B31EBA6}.Release|Any CPU.ActiveCfg = Release|Any CPU
		{640B86B3-52B4-4FE1-B0DF-14D28B31EBA6}.Release|Any CPU.Build.0 = Release|Any CPU
		{6003132E-3058-4E8F-891E-2B87746AE374}.Debug|Any CPU.ActiveCfg = Debug|Any CPU
		{6003132E-3058-4E8F-891E-2B87746AE374}.Debug|Any CPU.Build.0 = Debug|Any CPU
		{6003132E-3058-4E8F-891E-2B87746AE374}.Release|Any CPU.ActiveCfg = Release|Any CPU
		{6003132E-3058-4E8F-891E-2B87746AE374}.Release|Any CPU.Build.0 = Release|Any CPU
	EndGlobalSection
	GlobalSection(SolutionProperties) = preSolution
		HideSolutionNode = FALSE
	EndGlobalSection
	GlobalSection(NestedProjects) = preSolution
		{11F14D55-B47C-45E1-B9F8-82F764673BCF} = {4792DDA8-A016-4EEE-8F13-B1A656463B06}
		{977BC200-56DE-43C8-93C8-92A0D8266E69} = {4792DDA8-A016-4EEE-8F13-B1A656463B06}
		{DDA84696-C2D9-4F9D-9A7A-7FC29492CDCB} = {4792DDA8-A016-4EEE-8F13-B1A656463B06}
		{211FEA16-4B70-486D-BEDF-222C8043E469} = {4792DDA8-A016-4EEE-8F13-B1A656463B06}
		{53ABFBBF-63EA-4BFC-8A87-BAB30DC044FD} = {4792DDA8-A016-4EEE-8F13-B1A656463B06}
		{490FE521-22B4-4AD6-96AB-021F39BC61EB} = {4792DDA8-A016-4EEE-8F13-B1A656463B06}
		{7199B8A5-2039-497E-BE89-3229EE57C40E} = {4792DDA8-A016-4EEE-8F13-B1A656463B06}
		{640B86B3-52B4-4FE1-B0DF-14D28B31EBA6} = {4792DDA8-A016-4EEE-8F13-B1A656463B06}
	EndGlobalSection
	GlobalSection(ExtensibilityGlobals) = postSolution
		SolutionGuid = {BC8F7053-6B8A-4549-94C2-A4F519C1DE2E}
	EndGlobalSection
EndGlobal
